Microsoft Visual Studio Solution File, Format Version 12.00
# Visual Studio Version 17
VisualStudioVersion = 17.5.2.0
MinimumVisualStudioVersion = 10.0.40219.1
Project("{FAE04EC0-301F-11D3-BF4B-00C04F79EFBC}") = "EstudosDeC#", "EstudosDeC#.csproj", "{2A1C4A0D-F624-18A6-7931-9DC48174CC52}"
EndProject
Global
	GlobalSection(SolutionConfigurationPlatforms) = preSolution
		Debug|Any CPU = Debug|Any CPU
		Release|Any CPU = Release|Any CPU
	EndGlobalSection
	GlobalSection(ProjectConfigurationPlatforms) = postSolution
		{2A1C4A0D-F624-18A6-7931-9DC48174CC52}.Debug|Any CPU.ActiveCfg = Debug|Any CPU
		{2A1C4A0D-F624-18A6-7931-9DC48174CC52}.Debug|Any CPU.Build.0 = Debug|Any CPU
		{2A1C4A0D-F624-18A6-7931-9DC48174CC52}.Release|Any CPU.ActiveCfg = Release|Any CPU
		{2A1C4A0D-F624-18A6-7931-9DC48174CC52}.Release|Any CPU.Build.0 = Release|Any CPU
	EndGlobalSection
	GlobalSection(SolutionProperties) = preSolution
		HideSolutionNode = FALSE
	EndGlobalSection
	GlobalSection(ExtensibilityGlobals) = postSolution
		SolutionGuid = {710089D1-921D-4A12-A07A-F2123C5E6A67}
	EndGlobalSection
EndGlobal
